
Microsoft Visual Studio Solution File, Format Version 12.00
# Visual Studio Version 17
VisualStudioVersion = 17.6.33815.320
MinimumVisualStudioVersion = 10.0.40219.1
Project("{FAE04EC0-301F-11D3-BF4B-00C04F79EFBC}") = "Monogame 2 tutorial", "Monogame 2 tutorial.csproj", "{A50DC430-ED04-41E9-942B-B2B11416B11C}"
EndProject
Global
	GlobalSection(SolutionConfigurationPlatforms) = preSolution
		Debug|Any CPU = Debug|Any CPU
		Release|Any CPU = Release|Any CPU
	EndGlobalSection
	GlobalSection(ProjectConfigurationPlatforms) = postSolution
		{A50DC430-ED04-41E9-942B-B2B11416B11C}.Debug|Any CPU.ActiveCfg = Debug|Any CPU
		{A50DC430-ED04-41E9-942B-B2B11416B11C}.Debug|Any CPU.Build.0 = Debug|Any CPU
		{A50DC430-ED04-41E9-942B-B2B11416B11C}.Release|Any CPU.ActiveCfg = Release|Any CPU
		{A50DC430-ED04-41E9-942B-B2B11416B11C}.Release|Any CPU.Build.0 = Release|Any CPU
	EndGlobalSection
	GlobalSection(SolutionProperties) = preSolution
		HideSolutionNode = FALSE
	EndGlobalSection
	GlobalSection(ExtensibilityGlobals) = postSolution
		SolutionGuid = {862891FA-08EF-49C8-9AA9-8034211AEE77}
	EndGlobalSection
EndGlobal
